
Microsoft Visual Studio Solution File, Format Version 12.00
# Visual Studio Version 17
VisualStudioVersion = 17.5.33516.290
MinimumVisualStudioVersion = 10.0.40219.1
Project("{FAE04EC0-301F-11D3-BF4B-00C04F79EFBC}") = "Brain Pathology", "Brain Pathology\Brain Pathology.csproj", "{354C8F19-FC39-4A95-836B-E5E040FAEC0D}"
EndProject
Global
	GlobalSection(SolutionConfigurationPlatforms) = preSolution
		Debug|Any CPU = Debug|Any CPU
		Release|Any CPU = Release|Any CPU
	EndGlobalSection
	GlobalSection(ProjectConfigurationPlatforms) = postSolution
		{354C8F19-FC39-4A95-836B-E5E040FAEC0D}.Debug|Any CPU.ActiveCfg = Debug|Any CPU
		{354C8F19-FC39-4A95-836B-E5E040FAEC0D}.Debug|Any CPU.Build.0 = Debug|Any CPU
		{354C8F19-FC39-4A95-836B-E5E040FAEC0D}.Release|Any CPU.ActiveCfg = Release|Any CPU
		{354C8F19-FC39-4A95-836B-E5E040FAEC0D}.Release|Any CPU.Build.0 = Release|Any CPU
	EndGlobalSection
	GlobalSection(SolutionProperties) = preSolution
		HideSolutionNode = FALSE
	EndGlobalSection
	GlobalSection(ExtensibilityGlobals) = postSolution
		SolutionGuid = {D92E74D2-4255-4CF5-86D8-BC4CDC7C50E7}
	EndGlobalSection
EndGlobal
